<?xml version="1.0" encoding="utf-8"?>
<Project ToolsVersion="4.0" xmlns="http://schemas.microsoft.com/developer/msbuild/2003">
  <ItemGroup>
    <Filter Include="Исходные файлы">
      <UniqueIdentifier>{4FC737F1-C7A5-4376-A066-2A32D752A2FF}</UniqueIdentifier>
      <Extensions>cpp;c;cc;cxx;def;odl;idl;hpj;bat;asm;asmx</Extensions>
    </Filter>
    <Filter Include="Файлы заголовков">
      <UniqueIdentifier>{93995380-89BD-4b04-88EB-625FBE52EBFB}</UniqueIdentifier>
      <Extensions>h;hh;hpp;hxx;hm;inl;inc;ipp;xsd</Extensions>
    </Filter>
    <Filter Include="Файлы ресурсов">
      <UniqueIdentifier>{67DA6AB6-F800-4c08-8B7A-83BB121AAD01}</UniqueIdentifier>
      <Extensions>rc;ico;cur;bmp;dlg;rc2;rct;bin;rgs;gif;jpg;jpeg;jpe;resx;tiff;tif;png;wav;mfcribbon-ms</Extensions>
    </Filter>
    <Filter Include="Файлы заголовков\Sensors">
      <UniqueIdentifier>{19d264b9-6587-4272-b987-d351918d9692}</UniqueIdentifier>
    </Filter>
    <Filter Include="Исходные файлы\Sensors">
      <UniqueIdentifier>{e5db2387-93e8-4a1c-a641-f1d4bfd08559}</UniqueIdentifier>
    </Filter>
    <Filter Include="Файлы заголовков\Parsers">
      <UniqueIdentifier>{2928a755-f1be-46c6-b94f-17895bde7db6}</UniqueIdentifier>
    </Filter>
    <Filter Include="Исходные файлы\Parsers">
      <UniqueIdentifier>{3b8e94f2-499b-49ad-bb5d-8c605725963d}</UniqueIdentifier>
    </Filter>
    <Filter Include="Исходные файлы\Readers">
      <UniqueIdentifier>{889974bf-fcbf-4138-a46a-f5126603e40e}</UniqueIdentifier>
    </Filter>
    <Filter Include="Файлы заголовков\Readers">
      <UniqueIdentifier>{e5bc117c-1d02-4ba6-8f1c-26ec09f77c62}</UniqueIdentifier>
    </Filter>
    <Filter Include="Файлы заголовков\Storages">
      <UniqueIdentifier>{f87d3759-e0a9-474d-b10c-26cd319764ca}</UniqueIdentifier>
    </Filter>
    <Filter Include="Исходные файлы\Storages">
      <UniqueIdentifier>{3b256183-45bc-4745-a426-ca200ee33440}</UniqueIdentifier>
    </Filter>
  </ItemGroup>
  <ItemGroup>
    <ClCompile Include="NaviSensor.cpp">
      <Filter>Исходные файлы</Filter>
    </ClCompile>
    <ClCompile Include="..\NaviSensorUI\SensorConfig.cpp">
      <Filter>Исходные файлы</Filter>
    </ClCompile>
    <ClCompile Include="..\NaviSensorUI\Tools.cpp">
      <Filter>Исходные файлы</Filter>
    </ClCompile>
    <ClCompile Include="BinQueue.cpp">
      <Filter>Исходные файлы</Filter>
    </ClCompile>
    <ClCompile Include="Sensor.cpp">
      <Filter>Исходные файлы\Sensors</Filter>
    </ClCompile>
    <ClCompile Include="TextSensor.cpp">
      <Filter>Исходные файлы\Sensors</Filter>
    </ClCompile>
    <ClCompile Include="NmeaSensor.h">
      <Filter>Файлы заголовков\Sensors</Filter>
    </ClCompile>
    <ClCompile Include="Sentence.cpp">
      <Filter>Исходные файлы</Filter>
    </ClCompile>
    <ClCompile Include="Parser.cpp">
      <Filter>Исходные файлы\Parsers</Filter>
    </ClCompile>
    <ClCompile Include="GLL.cpp">
      <Filter>Исходные файлы\Parsers</Filter>
    </ClCompile>
    <ClCompile Include="GGA.cpp">
      <Filter>Исходные файлы\Parsers</Filter>
    </ClCompile>
    <ClCompile Include="HDT.cpp">
      <Filter>Исходные файлы\Parsers</Filter>
    </ClCompile>
    <ClCompile Include="RMC.cpp">
      <Filter>Исходные файлы\Parsers</Filter>
    </ClCompile>
    <ClCompile Include="VBW.cpp">
      <Filter>Исходные файлы\Parsers</Filter>
    </ClCompile>
    <ClCompile Include="VHW.cpp">
      <Filter>Исходные файлы\Parsers</Filter>
    </ClCompile>
    <ClCompile Include="VTG.cpp">
      <Filter>Исходные файлы\Parsers</Filter>
    </ClCompile>
    <ClCompile Include="MWV.cpp">
      <Filter>Исходные файлы\Parsers</Filter>
    </ClCompile>
    <ClCompile Include="Parameters.cpp">
      <Filter>Исходные файлы</Filter>
    </ClCompile>
    <ClCompile Include="Socket.cpp">
      <Filter>Исходные файлы</Filter>
    </ClCompile>
    <ClCompile Include="Network.cpp">
      <Filter>Исходные файлы</Filter>
    </ClCompile>
    <ClCompile Include="Formatting.cpp">
      <Filter>Исходные файлы</Filter>
    </ClCompile>
    <ClCompile Include="Reader.cpp">
      <Filter>Исходные файлы\Readers</Filter>
    </ClCompile>
    <ClCompile Include="UDPReader.cpp">
      <Filter>Исходные файлы\Readers</Filter>
    </ClCompile>
    <ClCompile Include="SerialReader.cpp">
      <Filter>Исходные файлы\Readers</Filter>
    </ClCompile>
    <ClCompile Include="DBc.cpp">
      <Filter>Исходные файлы\Parsers</Filter>
    </ClCompile>
    <ClCompile Include="VDM.cpp">
      <Filter>Исходные файлы\Parsers</Filter>
    </ClCompile>
    <ClCompile Include="DataStorage.cpp">
      <Filter>Исходные файлы\Storages</Filter>
    </ClCompile>
    <ClCompile Include="SixBitStorage.cpp">
      <Filter>Исходные файлы\Storages</Filter>
    </ClCompile>
    <ClCompile Include="AISTargetTable.cpp">
      <Filter>Исходные файлы\Storages</Filter>
    </ClCompile>
    <ClCompile Include="AIS.cpp">
      <Filter>Исходные файлы</Filter>
    </ClCompile>
    <ClCompile Include="TCPReader.cpp">
      <Filter>Исходные файлы\Readers</Filter>
    </ClCompile>
    <ClCompile Include="AISConfig.cpp">
      <Filter>Исходные файлы</Filter>
    </ClCompile>
    <ClCompile Include="Service.cpp">
      <Filter>Исходные файлы</Filter>
    </ClCompile>
    <ClCompile Include="THS.cpp">
      <Filter>Исходные файлы\Parsers</Filter>
    </ClCompile>
    <ClCompile Include="MWD.cpp">
      <Filter>Исходные файлы\Parsers</Filter>
    </ClCompile>
  </ItemGroup>
  <ItemGroup>
    <ClInclude Include="..\NaviSensorUI\SensorConfig.h">
      <Filter>Файлы заголовков</Filter>
    </ClInclude>
    <ClInclude Include="..\NaviSensorUI\tools.h">
      <Filter>Файлы заголовков</Filter>
    </ClInclude>
    <ClInclude Include="BinQueue.h">
      <Filter>Файлы заголовков</Filter>
    </ClInclude>
    <ClInclude Include="Sensor.h">
      <Filter>Файлы заголовков\Sensors</Filter>
    </ClInclude>
    <ClInclude Include="TextSensor.h">
      <Filter>Файлы заголовков\Sensors</Filter>
    </ClInclude>
    <ClInclude Include="Sentence.h">
      <Filter>Файлы заголовков</Filter>
    </ClInclude>
    <ClInclude Include="Parser.h">
      <Filter>Файлы заголовков\Parsers</Filter>
    </ClInclude>
    <ClInclude Include="GLL.h">
      <Filter>Файлы заголовков\Parsers</Filter>
    </ClInclude>
    <ClInclude Include="GGA.h">
      <Filter>Файлы заголовков\Parsers</Filter>
    </ClInclude>
    <ClInclude Include="HDT.h">
      <Filter>Файлы заголовков\Parsers</Filter>
    </ClInclude>
    <ClInclude Include="RMC.h">
      <Filter>Файлы заголовков\Parsers</Filter>
    </ClInclude>
    <ClInclude Include="VBW.h">
      <Filter>Файлы заголовков\Parsers</Filter>
    </ClInclude>
    <ClInclude Include="VHW.h">
      <Filter>Файлы заголовков\Parsers</Filter>
    </ClInclude>
    <ClInclude Include="VTG.h">
      <Filter>Файлы заголовков\Parsers</Filter>
    </ClInclude>
    <ClInclude Include="DBK.h">
      <Filter>Файлы заголовков\Parsers</Filter>
    </ClInclude>
    <ClInclude Include="DBS.h">
      <Filter>Файлы заголовков\Parsers</Filter>
    </ClInclude>
    <ClInclude Include="DBT.h">
      <Filter>Файлы заголовков\Parsers</Filter>
    </ClInclude>
    <ClInclude Include="MWV.h">
      <Filter>Файлы заголовков\Parsers</Filter>
    </ClInclude>
    <ClInclude Include="Parameters.h">
      <Filter>Файлы заголовков</Filter>
    </ClInclude>
    <ClInclude Include="DataDef.h">
      <Filter>Файлы заголовков</Filter>
    </ClInclude>
    <ClInclude Include="Socket.h">
      <Filter>Файлы заголовков</Filter>
    </ClInclude>
    <ClInclude Include="Network.h">
      <Filter>Файлы заголовков</Filter>
    </ClInclude>
    <ClInclude Include="Formatting.h">
      <Filter>Файлы заголовков</Filter>
    </ClInclude>
    <ClInclude Include="SerialReader.h">
      <Filter>Файлы заголовков\Readers</Filter>
    </ClInclude>
    <ClInclude Include="UDPReader.h">
      <Filter>Файлы заголовков\Readers</Filter>
    </ClInclude>
    <ClInclude Include="Reader.h">
      <Filter>Файлы заголовков\Readers</Filter>
    </ClInclude>
    <ClInclude Include="DBc.h">
      <Filter>Файлы заголовков\Parsers</Filter>
    </ClInclude>
    <ClInclude Include="VDM.h">
      <Filter>Файлы заголовков\Parsers</Filter>
    </ClInclude>
    <ClInclude Include="DataStorage.h">
      <Filter>Файлы заголовков\Storages</Filter>
    </ClInclude>
    <ClInclude Include="SixBitStorage.h">
      <Filter>Файлы заголовков\Storages</Filter>
    </ClInclude>
    <ClInclude Include="AISTargetTable.h">
      <Filter>Файлы заголовков\Storages</Filter>
    </ClInclude>
    <ClInclude Include="AIS.h">
      <Filter>Файлы заголовков</Filter>
    </ClInclude>
    <ClInclude Include="TCPReader.h">
      <Filter>Файлы заголовков\Readers</Filter>
    </ClInclude>
    <ClInclude Include="AISConfig.h">
      <Filter>Файлы заголовков</Filter>
    </ClInclude>
    <ClInclude Include="Service.h">
      <Filter>Файлы заголовков</Filter>
    </ClInclude>
    <ClInclude Include="THS.h">
      <Filter>Файлы заголовков\Parsers</Filter>
    </ClInclude>
    <ClInclude Include="MWD.h">
      <Filter>Файлы заголовков\Parsers</Filter>
    </ClInclude>
  </ItemGroup>
</Project>